{
  "originHash" : "ff0537af90f603870faf29d4f95a75a7ae01f075988cd101f5369ed16d321c53",
  "pins" : [
    {
      "identity" : "groceryappsharedto",
      "kind" : "remoteSourceControl",
      "location" : "https://github.com/anceldev/GroceryAppShareDTO.git",
      "state" : {
        "branch" : "main",
        "revision" : "29d71d38d7af51d4540baac6be98d4b709f20d16"
      }
    }
  ],
  "version" : 3
}
